
Microsoft Visual Studio Solution File, Format Version 12.00
# Visual Studio Version 16
VisualStudioVersion = 16.0.32126.315
MinimumVisualStudioVersion = 10.0.40219.1
Project("{9A19103F-16F7-4668-BE54-9A1E7A4F7556}") = "Project1", "Project1\Project1.csproj", "{E29A9FF1-8467-4A8B-B1E9-070BCD3DA644}"
EndProject
Project("{FAE04EC0-301F-11D3-BF4B-00C04F79EFBC}") = "ConsoleApp1", "ConsoleApp1\ConsoleApp1.csproj", "{597699BF-2065-4514-BB55-DCF6C5815120}"
EndProject
Project("{FAE04EC0-301F-11D3-BF4B-00C04F79EFBC}") = "DictionaryApp", "DictionaryApp\DictionaryApp.csproj", "{07DC2931-1709-457A-8950-BDAEEC3B42B5}"
EndProject
Project("{FAE04EC0-301F-11D3-BF4B-00C04F79EFBC}") = "ImplExplApp", "ImplExplApp\ImplExplApp.csproj", "{F4763D20-B368-4C7E-889D-3142574B4F33}"
EndProject
Project("{FAE04EC0-301F-11D3-BF4B-00C04F79EFBC}") = "ThreadApp", "ThreadApp\ThreadApp.csproj", "{1F412B4C-B9F7-41A3-8251-973EAE5DCF67}"
EndProject
Project("{FAE04EC0-301F-11D3-BF4B-00C04F79EFBC}") = "ThreadLockApp", "ThreadLockApp\ThreadLockApp.csproj", "{DF5D38BF-547C-4B50-B261-AE6D53E78087}"
EndProject
Project("{FAE04EC0-301F-11D3-BF4B-00C04F79EFBC}") = "TaskAsyncAwaitApp", "TaskAsyncAwaitApp\TaskAsyncAwaitApp.csproj", "{791EA0A0-C77F-4C32-896B-5FE3C15BD7B1}"
EndProject
Project("{FAE04EC0-301F-11D3-BF4B-00C04F79EFBC}") = "PropertiesApp", "PropertiesApp\PropertiesApp.csproj", "{7D6F6810-76A7-410A-B830-A58FF17B331F}"
EndProject
Project("{FAE04EC0-301F-11D3-BF4B-00C04F79EFBC}") = "FinalizeApp", "FinalizeApp\FinalizeApp.csproj", "{2394F485-803A-4CD6-B943-0C3C3EB1782C}"
EndProject
Project("{FAE04EC0-301F-11D3-BF4B-00C04F79EFBC}") = "TaskApp", "TaskApp\TaskApp.csproj", "{5953398C-7676-452E-9B14-A18D559C5A39}"
EndProject
Project("{FAE04EC0-301F-11D3-BF4B-00C04F79EFBC}") = "Task3App", "Task3App\Task3App.csproj", "{311DD86C-8643-4679-B52A-EEEAD8571396}"
EndProject
Project("{FAE04EC0-301F-11D3-BF4B-00C04F79EFBC}") = "ConcurDicApp", "ConcurDicApp\ConcurDicApp.csproj", "{05A3F543-1957-4A0E-8B7C-8FD10E572105}"
EndProject
Project("{FAE04EC0-301F-11D3-BF4B-00C04F79EFBC}") = "StaticApp", "StaticApp\StaticApp.csproj", "{7E54FBE7-CD63-4555-B0EC-E96F1A58D8C1}"
EndProject
Project("{FAE04EC0-301F-11D3-BF4B-00C04F79EFBC}") = "StaticApp2", "StaticApp2\StaticApp2.csproj", "{2D68F4F2-B236-44CD-AC69-9986BCD49520}"
EndProject
Project("{FAE04EC0-301F-11D3-BF4B-00C04F79EFBC}") = "TaskDelayApp", "TaskDelayApp\TaskDelayApp.csproj", "{B5045A66-CA06-49A5-9585-921DC9D967F9}"
EndProject
Project("{FAE04EC0-301F-11D3-BF4B-00C04F79EFBC}") = "SingletonApp", "SingletonApp\SingletonApp.csproj", "{139E2161-C2C1-4BD4-BB80-92881CD38BE5}"
EndProject
Project("{FAE04EC0-301F-11D3-BF4B-00C04F79EFBC}") = "BraceApp", "BraceApp\BraceApp.csproj", "{D6FE1BCC-BEAA-43BE-9D23-B7DE00DFE59F}"
EndProject
Project("{FAE04EC0-301F-11D3-BF4B-00C04F79EFBC}") = "Task2App", "Task2App\Task2App.csproj", "{9CCF33C1-FED3-4C5A-A64A-20341A4AF04C}"
EndProject
Project("{FAE04EC0-301F-11D3-BF4B-00C04F79EFBC}") = "RefApp", "RefApp\RefApp.csproj", "{5AA5E760-8A52-4531-A83B-783AC6200398}"
EndProject
Project("{FAE04EC0-301F-11D3-BF4B-00C04F79EFBC}") = "ValueApp", "ValueApp\ValueApp.csproj", "{9CEDEBCE-2D69-4145-A349-866AD443FCEA}"
EndProject
Project("{9A19103F-16F7-4668-BE54-9A1E7A4F7556}") = "JwtApp", "JwtApp\JwtApp.csproj", "{B4E56214-5A05-40D5-BD7D-4F204FFC252E}"
EndProject
Project("{FAE04EC0-301F-11D3-BF4B-00C04F79EFBC}") = "Task0308App", "Task0308App\Task0308App.csproj", "{E16D903E-5D85-423D-8923-13DC17DAF457}"
EndProject
Project("{FAE04EC0-301F-11D3-BF4B-00C04F79EFBC}") = "ArrayApp", "ArrayApp\ArrayApp.csproj", "{0AB24666-1FC1-4187-AE44-124E7906199C}"
EndProject
Project("{FAE04EC0-301F-11D3-BF4B-00C04F79EFBC}") = "EqualApp", "EqualApp\EqualApp.csproj", "{50F59889-FBC5-49A8-84F7-686C584A31F6}"
EndProject
Project("{FAE04EC0-301F-11D3-BF4B-00C04F79EFBC}") = "Task03082App", "Task03082App\Task03082App.csproj", "{53CC3536-5C20-4CB9-85F0-5ACB126DAA03}"
EndProject
Project("{FAE04EC0-301F-11D3-BF4B-00C04F79EFBC}") = "Task03083App", "Task03083App\Task03083App.csproj", "{4E1B70D6-767E-4755-8057-17C16E893F77}"
EndProject
Project("{FAE04EC0-301F-11D3-BF4B-00C04F79EFBC}") = "Task03084App", "Task03084App\Task03084App.csproj", "{0EF813F3-A249-4B0F-87D2-9C06B36549CC}"
EndProject
Project("{FAE04EC0-301F-11D3-BF4B-00C04F79EFBC}") = "StaticApp3", "StaticApp3\StaticApp3.csproj", "{D14E5888-CA83-45F7-B9CA-9338F2EA3FA3}"
EndProject
Project("{FAE04EC0-301F-11D3-BF4B-00C04F79EFBC}") = "LinqApp", "LinqApp\LinqApp.csproj", "{79785574-B7E5-4A73-BCCD-DC9B5466573B}"
EndProject
Project("{FAE04EC0-301F-11D3-BF4B-00C04F79EFBC}") = "FactoryApp", "FactoryApp\FactoryApp.csproj", "{E8DEFF76-5AEB-4004-B5A0-941BF4223547}"
EndProject
Project("{FAE04EC0-301F-11D3-BF4B-00C04F79EFBC}") = "StrategyApp", "StrategyApp\StrategyApp.csproj", "{0EA3BCD3-9580-47BE-970B-E95D302E9DC5}"
EndProject
Project("{FAE04EC0-301F-11D3-BF4B-00C04F79EFBC}") = "ClassApp", "ClassApp\ClassApp.csproj", "{16CD326B-01FB-4125-AD86-499067C8BB0A}"
EndProject
Project("{FAE04EC0-301F-11D3-BF4B-00C04F79EFBC}") = "MyClassLibrary", "MyClassLibrary\MyClassLibrary.csproj", "{D89532AB-0E61-4DBA-851E-50CC93F7F736}"
EndProject
Project("{FAE04EC0-301F-11D3-BF4B-00C04F79EFBC}") = "ClassRefApp", "ClassRefApp\ClassRefApp.csproj", "{81C84096-784F-4635-956D-D8E417CF5E68}"
EndProject
Project("{FAE04EC0-301F-11D3-BF4B-00C04F79EFBC}") = "NineCSharpApp", "NineCSharpApp\NineCSharpApp.csproj", "{51AD795D-400A-43E4-B393-1A6439EDBB3B}"
EndProject
Project("{9A19103F-16F7-4668-BE54-9A1E7A4F7556}") = "ConsoleApp2", "ConsoleApp2\ConsoleApp2.csproj", "{78DFD2F6-D664-4ABA-82F9-7B999EA9847D}"
EndProject
Project("{FAE04EC0-301F-11D3-BF4B-00C04F79EFBC}") = "CodeFirstApp", "CodeFirstApp\CodeFirstApp.csproj", "{6D25A3BD-827D-4693-BFA8-D4E883E1D218}"
EndProject
Project("{9A19103F-16F7-4668-BE54-9A1E7A4F7556}") = "CodeFirstApp2", "CodeFirstApp2\CodeFirstApp2.csproj", "{F252C0AB-75A6-4C9A-8FE5-54FC5C5BDD16}"
EndProject
Project("{9A19103F-16F7-4668-BE54-9A1E7A4F7556}") = "TokenApp", "TokenApp\TokenApp.csproj", "{739A38C5-375F-49F4-9D72-95B86AD0038D}"
EndProject
Project("{FAE04EC0-301F-11D3-BF4B-00C04F79EFBC}") = "AdminApp", "AdminApp\AdminApp.csproj", "{CFC51BDF-E1F5-42FB-839D-759C43BDA7B4}"
EndProject
Project("{FAE04EC0-301F-11D3-BF4B-00C04F79EFBC}") = "Zadacha4", "Zadacha4\Zadacha4.csproj", "{667FBDB1-2AF5-4E80-9EC8-0420BB46B5CD}"
EndProject
Project("{FAE04EC0-301F-11D3-BF4B-00C04F79EFBC}") = "profweb1", "profweb1\profweb1.csproj", "{7AB48C51-4651-4AEE-80F2-06A9A57E2B4B}"
EndProject
Project("{FAE04EC0-301F-11D3-BF4B-00C04F79EFBC}") = "RefOutApp", "RefOutApp\RefOutApp.csproj", "{93A49E34-7DD3-4165-B08C-EFB0F0BEDD4D}"
EndProject
Project("{FAE04EC0-301F-11D3-BF4B-00C04F79EFBC}") = "ActionApp", "ActionApp\ActionApp.csproj", "{BF8603E7-0518-4192-A12D-6C3BC3846E08}"
EndProject
Project("{FAE04EC0-301F-11D3-BF4B-00C04F79EFBC}") = "YieldApp", "YieldApp\YieldApp.csproj", "{B569E794-CBE8-4618-AB9E-22A634F9E367}"
EndProject
Project("{FAE04EC0-301F-11D3-BF4B-00C04F79EFBC}") = "KontrApp", "KontrApp\KontrApp.csproj", "{69F4876B-2119-4CDB-A7A6-825D8ADF7481}"
EndProject
Project("{FAE04EC0-301F-11D3-BF4B-00C04F79EFBC}") = "AbstarctApp", "AbstarctApp\AbstarctApp.csproj", "{0E4B5528-75D4-4851-94D9-24B9ACEB6F74}"
EndProject
Project("{FAE04EC0-301F-11D3-BF4B-00C04F79EFBC}") = "EnumerableApp", "EnumerableApp\EnumerableApp.csproj", "{93EE3A84-E765-4059-BEA1-F7C204BC8926}"
EndProject
Project("{FAE04EC0-301F-11D3-BF4B-00C04F79EFBC}") = "CovariantApp", "CovariantApp\CovariantApp.csproj", "{A88806EE-03A4-4A53-8506-AE293C94A051}"
EndProject
Project("{FAE04EC0-301F-11D3-BF4B-00C04F79EFBC}") = "xUnitApp", "xUnitApp\xUnitApp.csproj", "{23AA61A5-FF3A-4E70-B246-EE0FA242E839}"
EndProject
Project("{9A19103F-16F7-4668-BE54-9A1E7A4F7556}") = "xUnitApp.Test", "xUnitApp.Test\xUnitApp.Test.csproj", "{FBDE5710-2AA2-4433-A7D4-FAC16AD78C7C}"
EndProject
Project("{FAE04EC0-301F-11D3-BF4B-00C04F79EFBC}") = "xUnitAppDll", "xUnitAppDll\xUnitAppDll.csproj", "{2E5AECB4-97FC-4C6B-AB64-0F44975311A3}"
EndProject
Project("{FAE04EC0-301F-11D3-BF4B-00C04F79EFBC}") = "UnitTestApp", "UnitTestApp\UnitTestApp.csproj", "{C1A713F4-AF5F-42E2-ABD0-FA269A2C3D75}"
EndProject
Project("{FAE04EC0-301F-11D3-BF4B-00C04F79EFBC}") = "TestConsoleApp", "TestConsoleApp\TestConsoleApp.csproj", "{55E90FBF-9076-4517-81E9-774CBB3924C8}"
EndProject
Project("{FAE04EC0-301F-11D3-BF4B-00C04F79EFBC}") = "StructApp", "StructApp\StructApp.csproj", "{F317F0B1-7C2B-494A-B513-40FFD0858480}"
EndProject
Project("{FAE04EC0-301F-11D3-BF4B-00C04F79EFBC}") = "cTestApp", "cTestApp\cTestApp.csproj", "{96D8C3CE-E753-4616-8A71-A588A3BF8583}"
EndProject
Project("{FAE04EC0-301F-11D3-BF4B-00C04F79EFBC}") = "InheritanceApp", "InheritanceApp\InheritanceApp.csproj", "{0458C1D7-2DC3-4923-88ED-327208AC0A2B}"
EndProject
Project("{FAE04EC0-301F-11D3-BF4B-00C04F79EFBC}") = "FuncApp", "FuncApp\FuncApp.csproj", "{3919AA07-D79A-4977-834D-FEFA8D2A3502}"
EndProject
Project("{FAE04EC0-301F-11D3-BF4B-00C04F79EFBC}") = "GCApp", "GCApp\GCApp.csproj", "{562E5254-329B-4C63-AB23-E33354EDBBB4}"
EndProject
Project("{FAE04EC0-301F-11D3-BF4B-00C04F79EFBC}") = "ThreadApp2", "ThreadApp2\ThreadApp2.csproj", "{94423C8D-D819-45E6-BCF5-E0B052C5623C}"
EndProject
Project("{FAE04EC0-301F-11D3-BF4B-00C04F79EFBC}") = "TaskApp2", "TaskApp2\TaskApp2.csproj", "{EF295675-3715-4827-95F5-C7FFCC6375C5}"
EndProject
Project("{FAE04EC0-301F-11D3-BF4B-00C04F79EFBC}") = "CovarApp", "CovarApp\CovarApp.csproj", "{F012AE54-6D4C-4C44-B29C-FBF289D8DC54}"
EndProject
Project("{FAE04EC0-301F-11D3-BF4B-00C04F79EFBC}") = "ConsoleApp3", "ConsoleApp3\ConsoleApp3.csproj", "{F6443A44-146F-42C1-8562-3CCA9EC4479C}"
EndProject
Project("{9A19103F-16F7-4668-BE54-9A1E7A4F7556}") = "WebApplicationJWT", "WebApplicationJWT\WebApplicationJWT.csproj", "{56A182C8-76B1-4906-99ED-E361ED37A5EE}"
EndProject
Project("{FAE04EC0-301F-11D3-BF4B-00C04F79EFBC}") = "DI_App", "DI_App\DI_App.csproj", "{C0A97BBF-961C-4862-BF37-2F54B36ACAD1}"
EndProject
Project("{FAE04EC0-301F-11D3-BF4B-00C04F79EFBC}") = "EF_App", "EF_App\EF_App.csproj", "{69F96937-982D-4FA7-8EB1-33AC4D77CAB3}"
EndProject
Project("{FAE04EC0-301F-11D3-BF4B-00C04F79EFBC}") = "DI_App2", "DI_App2\DI_App2.csproj", "{8FEC7E69-5BB0-49F8-BD2B-79614B133A95}"
EndProject
Global
	GlobalSection(SolutionConfigurationPlatforms) = preSolution
		Debug|Any CPU = Debug|Any CPU
		Release|Any CPU = Release|Any CPU
	EndGlobalSection
	GlobalSection(ProjectConfigurationPlatforms) = postSolution
		{E29A9FF1-8467-4A8B-B1E9-070BCD3DA644}.Debug|Any CPU.ActiveCfg = Debug|Any CPU
		{E29A9FF1-8467-4A8B-B1E9-070BCD3DA644}.Debug|Any CPU.Build.0 = Debug|Any CPU
		{E29A9FF1-8467-4A8B-B1E9-070BCD3DA644}.Release|Any CPU.ActiveCfg = Release|Any CPU
		{E29A9FF1-8467-4A8B-B1E9-070BCD3DA644}.Release|Any CPU.Build.0 = Release|Any CPU
		{597699BF-2065-4514-BB55-DCF6C5815120}.Debug|Any CPU.ActiveCfg = Debug|Any CPU
		{597699BF-2065-4514-BB55-DCF6C5815120}.Debug|Any CPU.Build.0 = Debug|Any CPU
		{597699BF-2065-4514-BB55-DCF6C5815120}.Release|Any CPU.ActiveCfg = Release|Any CPU
		{597699BF-2065-4514-BB55-DCF6C5815120}.Release|Any CPU.Build.0 = Release|Any CPU
		{07DC2931-1709-457A-8950-BDAEEC3B42B5}.Debug|Any CPU.ActiveCfg = Debug|Any CPU
		{07DC2931-1709-457A-8950-BDAEEC3B42B5}.Debug|Any CPU.Build.0 = Debug|Any CPU
		{07DC2931-1709-457A-8950-BDAEEC3B42B5}.Release|Any CPU.ActiveCfg = Release|Any CPU
		{07DC2931-1709-457A-8950-BDAEEC3B42B5}.Release|Any CPU.Build.0 = Release|Any CPU
		{F4763D20-B368-4C7E-889D-3142574B4F33}.Debug|Any CPU.ActiveCfg = Debug|Any CPU
		{F4763D20-B368-4C7E-889D-3142574B4F33}.Debug|Any CPU.Build.0 = Debug|Any CPU
		{F4763D20-B368-4C7E-889D-3142574B4F33}.Release|Any CPU.ActiveCfg = Release|Any CPU
		{F4763D20-B368-4C7E-889D-3142574B4F33}.Release|Any CPU.Build.0 = Release|Any CPU
		{1F412B4C-B9F7-41A3-8251-973EAE5DCF67}.Debug|Any CPU.ActiveCfg = Debug|Any CPU
		{1F412B4C-B9F7-41A3-8251-973EAE5DCF67}.Debug|Any CPU.Build.0 = Debug|Any CPU
		{1F412B4C-B9F7-41A3-8251-973EAE5DCF67}.Release|Any CPU.ActiveCfg = Release|Any CPU
		{1F412B4C-B9F7-41A3-8251-973EAE5DCF67}.Release|Any CPU.Build.0 = Release|Any CPU
		{DF5D38BF-547C-4B50-B261-AE6D53E78087}.Debug|Any CPU.ActiveCfg = Debug|Any CPU
		{DF5D38BF-547C-4B50-B261-AE6D53E78087}.Debug|Any CPU.Build.0 = Debug|Any CPU
		{DF5D38BF-547C-4B50-B261-AE6D53E78087}.Release|Any CPU.ActiveCfg = Release|Any CPU
		{DF5D38BF-547C-4B50-B261-AE6D53E78087}.Release|Any CPU.Build.0 = Release|Any CPU
		{791EA0A0-C77F-4C32-896B-5FE3C15BD7B1}.Debug|Any CPU.ActiveCfg = Debug|Any CPU
		{791EA0A0-C77F-4C32-896B-5FE3C15BD7B1}.Debug|Any CPU.Build.0 = Debug|Any CPU
		{791EA0A0-C77F-4C32-896B-5FE3C15BD7B1}.Release|Any CPU.ActiveCfg = Release|Any CPU
		{791EA0A0-C77F-4C32-896B-5FE3C15BD7B1}.Release|Any CPU.Build.0 = Release|Any CPU
		{7D6F6810-76A7-410A-B830-A58FF17B331F}.Debug|Any CPU.ActiveCfg = Debug|Any CPU
		{7D6F6810-76A7-410A-B830-A58FF17B331F}.Debug|Any CPU.Build.0 = Debug|Any CPU
		{7D6F6810-76A7-410A-B830-A58FF17B331F}.Release|Any CPU.ActiveCfg = Release|Any CPU
		{7D6F6810-76A7-410A-B830-A58FF17B331F}.Release|Any CPU.Build.0 = Release|Any CPU
		{2394F485-803A-4CD6-B943-0C3C3EB1782C}.Debug|Any CPU.ActiveCfg = Debug|Any CPU
		{2394F485-803A-4CD6-B943-0C3C3EB1782C}.Debug|Any CPU.Build.0 = Debug|Any CPU
		{2394F485-803A-4CD6-B943-0C3C3EB1782C}.Release|Any CPU.ActiveCfg = Release|Any CPU
		{2394F485-803A-4CD6-B943-0C3C3EB1782C}.Release|Any CPU.Build.0 = Release|Any CPU
		{5953398C-7676-452E-9B14-A18D559C5A39}.Debug|Any CPU.ActiveCfg = Debug|Any CPU
		{5953398C-7676-452E-9B14-A18D559C5A39}.Debug|Any CPU.Build.0 = Debug|Any CPU
		{5953398C-7676-452E-9B14-A18D559C5A39}.Release|Any CPU.ActiveCfg = Release|Any CPU
		{5953398C-7676-452E-9B14-A18D559C5A39}.Release|Any CPU.Build.0 = Release|Any CPU
		{311DD86C-8643-4679-B52A-EEEAD8571396}.Debug|Any CPU.ActiveCfg = Debug|Any CPU
		{311DD86C-8643-4679-B52A-EEEAD8571396}.Debug|Any CPU.Build.0 = Debug|Any CPU
		{311DD86C-8643-4679-B52A-EEEAD8571396}.Release|Any CPU.ActiveCfg = Release|Any CPU
		{311DD86C-8643-4679-B52A-EEEAD8571396}.Release|Any CPU.Build.0 = Release|Any CPU
		{05A3F543-1957-4A0E-8B7C-8FD10E572105}.Debug|Any CPU.ActiveCfg = Debug|Any CPU
		{05A3F543-1957-4A0E-8B7C-8FD10E572105}.Debug|Any CPU.Build.0 = Debug|Any CPU
		{05A3F543-1957-4A0E-8B7C-8FD10E572105}.Release|Any CPU.ActiveCfg = Release|Any CPU
		{05A3F543-1957-4A0E-8B7C-8FD10E572105}.Release|Any CPU.Build.0 = Release|Any CPU
		{7E54FBE7-CD63-4555-B0EC-E96F1A58D8C1}.Debug|Any CPU.ActiveCfg = Debug|Any CPU
		{7E54FBE7-CD63-4555-B0EC-E96F1A58D8C1}.Debug|Any CPU.Build.0 = Debug|Any CPU
		{7E54FBE7-CD63-4555-B0EC-E96F1A58D8C1}.Release|Any CPU.ActiveCfg = Release|Any CPU
		{7E54FBE7-CD63-4555-B0EC-E96F1A58D8C1}.Release|Any CPU.Build.0 = Release|Any CPU
		{2D68F4F2-B236-44CD-AC69-9986BCD49520}.Debug|Any CPU.ActiveCfg = Debug|Any CPU
		{2D68F4F2-B236-44CD-AC69-9986BCD49520}.Debug|Any CPU.Build.0 = Debug|Any CPU
		{2D68F4F2-B236-44CD-AC69-9986BCD49520}.Release|Any CPU.ActiveCfg = Release|Any CPU
		{2D68F4F2-B236-44CD-AC69-9986BCD49520}.Release|Any CPU.Build.0 = Release|Any CPU
		{B5045A66-CA06-49A5-9585-921DC9D967F9}.Debug|Any CPU.ActiveCfg = Debug|Any CPU
		{B5045A66-CA06-49A5-9585-921DC9D967F9}.Debug|Any CPU.Build.0 = Debug|Any CPU
		{B5045A66-CA06-49A5-9585-921DC9D967F9}.Release|Any CPU.ActiveCfg = Release|Any CPU
		{B5045A66-CA06-49A5-9585-921DC9D967F9}.Release|Any CPU.Build.0 = Release|Any CPU
		{139E2161-C2C1-4BD4-BB80-92881CD38BE5}.Debug|Any CPU.ActiveCfg = Debug|Any CPU
		{139E2161-C2C1-4BD4-BB80-92881CD38BE5}.Debug|Any CPU.Build.0 = Debug|Any CPU
		{139E2161-C2C1-4BD4-BB80-92881CD38BE5}.Release|Any CPU.ActiveCfg = Release|Any CPU
		{139E2161-C2C1-4BD4-BB80-92881CD38BE5}.Release|Any CPU.Build.0 = Release|Any CPU
		{D6FE1BCC-BEAA-43BE-9D23-B7DE00DFE59F}.Debug|Any CPU.ActiveCfg = Debug|Any CPU
		{D6FE1BCC-BEAA-43BE-9D23-B7DE00DFE59F}.Debug|Any CPU.Build.0 = Debug|Any CPU
		{D6FE1BCC-BEAA-43BE-9D23-B7DE00DFE59F}.Release|Any CPU.ActiveCfg = Release|Any CPU
		{D6FE1BCC-BEAA-43BE-9D23-B7DE00DFE59F}.Release|Any CPU.Build.0 = Release|Any CPU
		{9CCF33C1-FED3-4C5A-A64A-20341A4AF04C}.Debug|Any CPU.ActiveCfg = Debug|Any CPU
		{9CCF33C1-FED3-4C5A-A64A-20341A4AF04C}.Debug|Any CPU.Build.0 = Debug|Any CPU
		{9CCF33C1-FED3-4C5A-A64A-20341A4AF04C}.Release|Any CPU.ActiveCfg = Release|Any CPU
		{9CCF33C1-FED3-4C5A-A64A-20341A4AF04C}.Release|Any CPU.Build.0 = Release|Any CPU
		{5AA5E760-8A52-4531-A83B-783AC6200398}.Debug|Any CPU.ActiveCfg = Debug|Any CPU
		{5AA5E760-8A52-4531-A83B-783AC6200398}.Debug|Any CPU.Build.0 = Debug|Any CPU
		{5AA5E760-8A52-4531-A83B-783AC6200398}.Release|Any CPU.ActiveCfg = Release|Any CPU
		{5AA5E760-8A52-4531-A83B-783AC6200398}.Release|Any CPU.Build.0 = Release|Any CPU
		{9CEDEBCE-2D69-4145-A349-866AD443FCEA}.Debug|Any CPU.ActiveCfg = Debug|Any CPU
		{9CEDEBCE-2D69-4145-A349-866AD443FCEA}.Debug|Any CPU.Build.0 = Debug|Any CPU
		{9CEDEBCE-2D69-4145-A349-866AD443FCEA}.Release|Any CPU.ActiveCfg = Release|Any CPU
		{9CEDEBCE-2D69-4145-A349-866AD443FCEA}.Release|Any CPU.Build.0 = Release|Any CPU
		{B4E56214-5A05-40D5-BD7D-4F204FFC252E}.Debug|Any CPU.ActiveCfg = Debug|Any CPU
		{B4E56214-5A05-40D5-BD7D-4F204FFC252E}.Debug|Any CPU.Build.0 = Debug|Any CPU
		{B4E56214-5A05-40D5-BD7D-4F204FFC252E}.Release|Any CPU.ActiveCfg = Release|Any CPU
		{B4E56214-5A05-40D5-BD7D-4F204FFC252E}.Release|Any CPU.Build.0 = Release|Any CPU
		{E16D903E-5D85-423D-8923-13DC17DAF457}.Debug|Any CPU.ActiveCfg = Debug|Any CPU
		{E16D903E-5D85-423D-8923-13DC17DAF457}.Debug|Any CPU.Build.0 = Debug|Any CPU
		{E16D903E-5D85-423D-8923-13DC17DAF457}.Release|Any CPU.ActiveCfg = Release|Any CPU
		{E16D903E-5D85-423D-8923-13DC17DAF457}.Release|Any CPU.Build.0 = Release|Any CPU
		{0AB24666-1FC1-4187-AE44-124E7906199C}.Debug|Any CPU.ActiveCfg = Debug|Any CPU
		{0AB24666-1FC1-4187-AE44-124E7906199C}.Debug|Any CPU.Build.0 = Debug|Any CPU
		{0AB24666-1FC1-4187-AE44-124E7906199C}.Release|Any CPU.ActiveCfg = Release|Any CPU
		{0AB24666-1FC1-4187-AE44-124E7906199C}.Release|Any CPU.Build.0 = Release|Any CPU
		{50F59889-FBC5-49A8-84F7-686C584A31F6}.Debug|Any CPU.ActiveCfg = Debug|Any CPU
		{50F59889-FBC5-49A8-84F7-686C584A31F6}.Debug|Any CPU.Build.0 = Debug|Any CPU
		{50F59889-FBC5-49A8-84F7-686C584A31F6}.Release|Any CPU.ActiveCfg = Release|Any CPU
		{50F59889-FBC5-49A8-84F7-686C584A31F6}.Release|Any CPU.Build.0 = Release|Any CPU
		{53CC3536-5C20-4CB9-85F0-5ACB126DAA03}.Debug|Any CPU.ActiveCfg = Debug|Any CPU
		{53CC3536-5C20-4CB9-85F0-5ACB126DAA03}.Debug|Any CPU.Build.0 = Debug|Any CPU
		{53CC3536-5C20-4CB9-85F0-5ACB126DAA03}.Release|Any CPU.ActiveCfg = Release|Any CPU
		{53CC3536-5C20-4CB9-85F0-5ACB126DAA03}.Release|Any CPU.Build.0 = Release|Any CPU
		{4E1B70D6-767E-4755-8057-17C16E893F77}.Debug|Any CPU.ActiveCfg = Debug|Any CPU
		{4E1B70D6-767E-4755-8057-17C16E893F77}.Debug|Any CPU.Build.0 = Debug|Any CPU
		{4E1B70D6-767E-4755-8057-17C16E893F77}.Release|Any CPU.ActiveCfg = Release|Any CPU
		{4E1B70D6-767E-4755-8057-17C16E893F77}.Release|Any CPU.Build.0 = Release|Any CPU
		{0EF813F3-A249-4B0F-87D2-9C06B36549CC}.Debug|Any CPU.ActiveCfg = Debug|Any CPU
		{0EF813F3-A249-4B0F-87D2-9C06B36549CC}.Debug|Any CPU.Build.0 = Debug|Any CPU
		{0EF813F3-A249-4B0F-87D2-9C06B36549CC}.Release|Any CPU.ActiveCfg = Release|Any CPU
		{0EF813F3-A249-4B0F-87D2-9C06B36549CC}.Release|Any CPU.Build.0 = Release|Any CPU
		{D14E5888-CA83-45F7-B9CA-9338F2EA3FA3}.Debug|Any CPU.ActiveCfg = Debug|Any CPU
		{D14E5888-CA83-45F7-B9CA-9338F2EA3FA3}.Debug|Any CPU.Build.0 = Debug|Any CPU
		{D14E5888-CA83-45F7-B9CA-9338F2EA3FA3}.Release|Any CPU.ActiveCfg = Release|Any CPU
		{D14E5888-CA83-45F7-B9CA-9338F2EA3FA3}.Release|Any CPU.Build.0 = Release|Any CPU
		{79785574-B7E5-4A73-BCCD-DC9B5466573B}.Debug|Any CPU.ActiveCfg = Debug|Any CPU
		{79785574-B7E5-4A73-BCCD-DC9B5466573B}.Debug|Any CPU.Build.0 = Debug|Any CPU
		{79785574-B7E5-4A73-BCCD-DC9B5466573B}.Release|Any CPU.ActiveCfg = Release|Any CPU
		{79785574-B7E5-4A73-BCCD-DC9B5466573B}.Release|Any CPU.Build.0 = Release|Any CPU
		{E8DEFF76-5AEB-4004-B5A0-941BF4223547}.Debug|Any CPU.ActiveCfg = Debug|Any CPU
		{E8DEFF76-5AEB-4004-B5A0-941BF4223547}.Debug|Any CPU.Build.0 = Debug|Any CPU
		{E8DEFF76-5AEB-4004-B5A0-941BF4223547}.Release|Any CPU.ActiveCfg = Release|Any CPU
		{E8DEFF76-5AEB-4004-B5A0-941BF4223547}.Release|Any CPU.Build.0 = Release|Any CPU
		{0EA3BCD3-9580-47BE-970B-E95D302E9DC5}.Debug|Any CPU.ActiveCfg = Debug|Any CPU
		{0EA3BCD3-9580-47BE-970B-E95D302E9DC5}.Debug|Any CPU.Build.0 = Debug|Any CPU
		{0EA3BCD3-9580-47BE-970B-E95D302E9DC5}.Release|Any CPU.ActiveCfg = Release|Any CPU
		{0EA3BCD3-9580-47BE-970B-E95D302E9DC5}.Release|Any CPU.Build.0 = Release|Any CPU
		{16CD326B-01FB-4125-AD86-499067C8BB0A}.Debug|Any CPU.ActiveCfg = Debug|Any CPU
		{16CD326B-01FB-4125-AD86-499067C8BB0A}.Debug|Any CPU.Build.0 = Debug|Any CPU
		{16CD326B-01FB-4125-AD86-499067C8BB0A}.Release|Any CPU.ActiveCfg = Release|Any CPU
		{16CD326B-01FB-4125-AD86-499067C8BB0A}.Release|Any CPU.Build.0 = Release|Any CPU
		{D89532AB-0E61-4DBA-851E-50CC93F7F736}.Debug|Any CPU.ActiveCfg = Debug|Any CPU
		{D89532AB-0E61-4DBA-851E-50CC93F7F736}.Debug|Any CPU.Build.0 = Debug|Any CPU
		{D89532AB-0E61-4DBA-851E-50CC93F7F736}.Release|Any CPU.ActiveCfg = Release|Any CPU
		{D89532AB-0E61-4DBA-851E-50CC93F7F736}.Release|Any CPU.Build.0 = Release|Any CPU
		{81C84096-784F-4635-956D-D8E417CF5E68}.Debug|Any CPU.ActiveCfg = Debug|Any CPU
		{81C84096-784F-4635-956D-D8E417CF5E68}.Debug|Any CPU.Build.0 = Debug|Any CPU
		{81C84096-784F-4635-956D-D8E417CF5E68}.Release|Any CPU.ActiveCfg = Release|Any CPU
		{81C84096-784F-4635-956D-D8E417CF5E68}.Release|Any CPU.Build.0 = Release|Any CPU
		{51AD795D-400A-43E4-B393-1A6439EDBB3B}.Debug|Any CPU.ActiveCfg = Debug|Any CPU
		{51AD795D-400A-43E4-B393-1A6439EDBB3B}.Debug|Any CPU.Build.0 = Debug|Any CPU
		{51AD795D-400A-43E4-B393-1A6439EDBB3B}.Release|Any CPU.ActiveCfg = Release|Any CPU
		{51AD795D-400A-43E4-B393-1A6439EDBB3B}.Release|Any CPU.Build.0 = Release|Any CPU
		{78DFD2F6-D664-4ABA-82F9-7B999EA9847D}.Debug|Any CPU.ActiveCfg = Debug|Any CPU
		{78DFD2F6-D664-4ABA-82F9-7B999EA9847D}.Debug|Any CPU.Build.0 = Debug|Any CPU
		{78DFD2F6-D664-4ABA-82F9-7B999EA9847D}.Release|Any CPU.ActiveCfg = Release|Any CPU
		{78DFD2F6-D664-4ABA-82F9-7B999EA9847D}.Release|Any CPU.Build.0 = Release|Any CPU
		{6D25A3BD-827D-4693-BFA8-D4E883E1D218}.Debug|Any CPU.ActiveCfg = Debug|Any CPU
		{6D25A3BD-827D-4693-BFA8-D4E883E1D218}.Debug|Any CPU.Build.0 = Debug|Any CPU
		{6D25A3BD-827D-4693-BFA8-D4E883E1D218}.Release|Any CPU.ActiveCfg = Release|Any CPU
		{6D25A3BD-827D-4693-BFA8-D4E883E1D218}.Release|Any CPU.Build.0 = Release|Any CPU
		{F252C0AB-75A6-4C9A-8FE5-54FC5C5BDD16}.Debug|Any CPU.ActiveCfg = Debug|Any CPU
		{F252C0AB-75A6-4C9A-8FE5-54FC5C5BDD16}.Debug|Any CPU.Build.0 = Debug|Any CPU
		{F252C0AB-75A6-4C9A-8FE5-54FC5C5BDD16}.Release|Any CPU.ActiveCfg = Release|Any CPU
		{F252C0AB-75A6-4C9A-8FE5-54FC5C5BDD16}.Release|Any CPU.Build.0 = Release|Any CPU
		{739A38C5-375F-49F4-9D72-95B86AD0038D}.Debug|Any CPU.ActiveCfg = Debug|Any CPU
		{739A38C5-375F-49F4-9D72-95B86AD0038D}.Debug|Any CPU.Build.0 = Debug|Any CPU
		{739A38C5-375F-49F4-9D72-95B86AD0038D}.Release|Any CPU.ActiveCfg = Release|Any CPU
		{739A38C5-375F-49F4-9D72-95B86AD0038D}.Release|Any CPU.Build.0 = Release|Any CPU
		{CFC51BDF-E1F5-42FB-839D-759C43BDA7B4}.Debug|Any CPU.ActiveCfg = Debug|Any CPU
		{CFC51BDF-E1F5-42FB-839D-759C43BDA7B4}.Debug|Any CPU.Build.0 = Debug|Any CPU
		{CFC51BDF-E1F5-42FB-839D-759C43BDA7B4}.Release|Any CPU.ActiveCfg = Release|Any CPU
		{CFC51BDF-E1F5-42FB-839D-759C43BDA7B4}.Release|Any CPU.Build.0 = Release|Any CPU
		{667FBDB1-2AF5-4E80-9EC8-0420BB46B5CD}.Debug|Any CPU.ActiveCfg = Debug|Any CPU
		{667FBDB1-2AF5-4E80-9EC8-0420BB46B5CD}.Debug|Any CPU.Build.0 = Debug|Any CPU
		{667FBDB1-2AF5-4E80-9EC8-0420BB46B5CD}.Release|Any CPU.ActiveCfg = Release|Any CPU
		{667FBDB1-2AF5-4E80-9EC8-0420BB46B5CD}.Release|Any CPU.Build.0 = Release|Any CPU
		{7AB48C51-4651-4AEE-80F2-06A9A57E2B4B}.Debug|Any CPU.ActiveCfg = Debug|Any CPU
		{7AB48C51-4651-4AEE-80F2-06A9A57E2B4B}.Debug|Any CPU.Build.0 = Debug|Any CPU
		{7AB48C51-4651-4AEE-80F2-06A9A57E2B4B}.Release|Any CPU.ActiveCfg = Release|Any CPU
		{7AB48C51-4651-4AEE-80F2-06A9A57E2B4B}.Release|Any CPU.Build.0 = Release|Any CPU
		{93A49E34-7DD3-4165-B08C-EFB0F0BEDD4D}.Debug|Any CPU.ActiveCfg = Debug|Any CPU
		{93A49E34-7DD3-4165-B08C-EFB0F0BEDD4D}.Debug|Any CPU.Build.0 = Debug|Any CPU
		{93A49E34-7DD3-4165-B08C-EFB0F0BEDD4D}.Release|Any CPU.ActiveCfg = Release|Any CPU
		{93A49E34-7DD3-4165-B08C-EFB0F0BEDD4D}.Release|Any CPU.Build.0 = Release|Any CPU
		{BF8603E7-0518-4192-A12D-6C3BC3846E08}.Debug|Any CPU.ActiveCfg = Debug|Any CPU
		{BF8603E7-0518-4192-A12D-6C3BC3846E08}.Debug|Any CPU.Build.0 = Debug|Any CPU
		{BF8603E7-0518-4192-A12D-6C3BC3846E08}.Release|Any CPU.ActiveCfg = Release|Any CPU
		{BF8603E7-0518-4192-A12D-6C3BC3846E08}.Release|Any CPU.Build.0 = Release|Any CPU
		{B569E794-CBE8-4618-AB9E-22A634F9E367}.Debug|Any CPU.ActiveCfg = Debug|Any CPU
		{B569E794-CBE8-4618-AB9E-22A634F9E367}.Debug|Any CPU.Build.0 = Debug|Any CPU
		{B569E794-CBE8-4618-AB9E-22A634F9E367}.Release|Any CPU.ActiveCfg = Release|Any CPU
		{B569E794-CBE8-4618-AB9E-22A634F9E367}.Release|Any CPU.Build.0 = Release|Any CPU
		{69F4876B-2119-4CDB-A7A6-825D8ADF7481}.Debug|Any CPU.ActiveCfg = Debug|Any CPU
		{69F4876B-2119-4CDB-A7A6-825D8ADF7481}.Debug|Any CPU.Build.0 = Debug|Any CPU
		{69F4876B-2119-4CDB-A7A6-825D8ADF7481}.Release|Any CPU.ActiveCfg = Release|Any CPU
		{69F4876B-2119-4CDB-A7A6-825D8ADF7481}.Release|Any CPU.Build.0 = Release|Any CPU
		{0E4B5528-75D4-4851-94D9-24B9ACEB6F74}.Debug|Any CPU.ActiveCfg = Debug|Any CPU
		{0E4B5528-75D4-4851-94D9-24B9ACEB6F74}.Debug|Any CPU.Build.0 = Debug|Any CPU
		{0E4B5528-75D4-4851-94D9-24B9ACEB6F74}.Release|Any CPU.ActiveCfg = Release|Any CPU
		{0E4B5528-75D4-4851-94D9-24B9ACEB6F74}.Release|Any CPU.Build.0 = Release|Any CPU
		{93EE3A84-E765-4059-BEA1-F7C204BC8926}.Debug|Any CPU.ActiveCfg = Debug|Any CPU
		{93EE3A84-E765-4059-BEA1-F7C204BC8926}.Debug|Any CPU.Build.0 = Debug|Any CPU
		{93EE3A84-E765-4059-BEA1-F7C204BC8926}.Release|Any CPU.ActiveCfg = Release|Any CPU
		{93EE3A84-E765-4059-BEA1-F7C204BC8926}.Release|Any CPU.Build.0 = Release|Any CPU
		{A88806EE-03A4-4A53-8506-AE293C94A051}.Debug|Any CPU.ActiveCfg = Debug|Any CPU
		{A88806EE-03A4-4A53-8506-AE293C94A051}.Debug|Any CPU.Build.0 = Debug|Any CPU
		{A88806EE-03A4-4A53-8506-AE293C94A051}.Release|Any CPU.ActiveCfg = Release|Any CPU
		{A88806EE-03A4-4A53-8506-AE293C94A051}.Release|Any CPU.Build.0 = Release|Any CPU
		{23AA61A5-FF3A-4E70-B246-EE0FA242E839}.Debug|Any CPU.ActiveCfg = Debug|Any CPU
		{23AA61A5-FF3A-4E70-B246-EE0FA242E839}.Debug|Any CPU.Build.0 = Debug|Any CPU
		{23AA61A5-FF3A-4E70-B246-EE0FA242E839}.Release|Any CPU.ActiveCfg = Release|Any CPU
		{23AA61A5-FF3A-4E70-B246-EE0FA242E839}.Release|Any CPU.Build.0 = Release|Any CPU
		{FBDE5710-2AA2-4433-A7D4-FAC16AD78C7C}.Debug|Any CPU.ActiveCfg = Debug|Any CPU
		{FBDE5710-2AA2-4433-A7D4-FAC16AD78C7C}.Debug|Any CPU.Build.0 = Debug|Any CPU
		{FBDE5710-2AA2-4433-A7D4-FAC16AD78C7C}.Release|Any CPU.ActiveCfg = Release|Any CPU
		{FBDE5710-2AA2-4433-A7D4-FAC16AD78C7C}.Release|Any CPU.Build.0 = Release|Any CPU
		{2E5AECB4-97FC-4C6B-AB64-0F44975311A3}.Debug|Any CPU.ActiveCfg = Debug|Any CPU
		{2E5AECB4-97FC-4C6B-AB64-0F44975311A3}.Debug|Any CPU.Build.0 = Debug|Any CPU
		{2E5AECB4-97FC-4C6B-AB64-0F44975311A3}.Release|Any CPU.ActiveCfg = Release|Any CPU
		{2E5AECB4-97FC-4C6B-AB64-0F44975311A3}.Release|Any CPU.Build.0 = Release|Any CPU
		{C1A713F4-AF5F-42E2-ABD0-FA269A2C3D75}.Debug|Any CPU.ActiveCfg = Debug|Any CPU
		{C1A713F4-AF5F-42E2-ABD0-FA269A2C3D75}.Debug|Any CPU.Build.0 = Debug|Any CPU
		{C1A713F4-AF5F-42E2-ABD0-FA269A2C3D75}.Release|Any CPU.ActiveCfg = Release|Any CPU
		{C1A713F4-AF5F-42E2-ABD0-FA269A2C3D75}.Release|Any CPU.Build.0 = Release|Any CPU
		{55E90FBF-9076-4517-81E9-774CBB3924C8}.Debug|Any CPU.ActiveCfg = Debug|Any CPU
		{55E90FBF-9076-4517-81E9-774CBB3924C8}.Debug|Any CPU.Build.0 = Debug|Any CPU
		{55E90FBF-9076-4517-81E9-774CBB3924C8}.Release|Any CPU.ActiveCfg = Release|Any CPU
		{55E90FBF-9076-4517-81E9-774CBB3924C8}.Release|Any CPU.Build.0 = Release|Any CPU
		{F317F0B1-7C2B-494A-B513-40FFD0858480}.Debug|Any CPU.ActiveCfg = Debug|Any CPU
		{F317F0B1-7C2B-494A-B513-40FFD0858480}.Debug|Any CPU.Build.0 = Debug|Any CPU
		{F317F0B1-7C2B-494A-B513-40FFD0858480}.Release|Any CPU.ActiveCfg = Release|Any CPU
		{F317F0B1-7C2B-494A-B513-40FFD0858480}.Release|Any CPU.Build.0 = Release|Any CPU
		{96D8C3CE-E753-4616-8A71-A588A3BF8583}.Debug|Any CPU.ActiveCfg = Debug|Any CPU
		{96D8C3CE-E753-4616-8A71-A588A3BF8583}.Debug|Any CPU.Build.0 = Debug|Any CPU
		{96D8C3CE-E753-4616-8A71-A588A3BF8583}.Release|Any CPU.ActiveCfg = Release|Any CPU
		{96D8C3CE-E753-4616-8A71-A588A3BF8583}.Release|Any CPU.Build.0 = Release|Any CPU
		{0458C1D7-2DC3-4923-88ED-327208AC0A2B}.Debug|Any CPU.ActiveCfg = Debug|Any CPU
		{0458C1D7-2DC3-4923-88ED-327208AC0A2B}.Debug|Any CPU.Build.0 = Debug|Any CPU
		{0458C1D7-2DC3-4923-88ED-327208AC0A2B}.Release|Any CPU.ActiveCfg = Release|Any CPU
		{0458C1D7-2DC3-4923-88ED-327208AC0A2B}.Release|Any CPU.Build.0 = Release|Any CPU
		{3919AA07-D79A-4977-834D-FEFA8D2A3502}.Debug|Any CPU.ActiveCfg = Debug|Any CPU
		{3919AA07-D79A-4977-834D-FEFA8D2A3502}.Debug|Any CPU.Build.0 = Debug|Any CPU
		{3919AA07-D79A-4977-834D-FEFA8D2A3502}.Release|Any CPU.ActiveCfg = Release|Any CPU
		{3919AA07-D79A-4977-834D-FEFA8D2A3502}.Release|Any CPU.Build.0 = Release|Any CPU
		{562E5254-329B-4C63-AB23-E33354EDBBB4}.Debug|Any CPU.ActiveCfg = Debug|Any CPU
		{562E5254-329B-4C63-AB23-E33354EDBBB4}.Debug|Any CPU.Build.0 = Debug|Any CPU
		{562E5254-329B-4C63-AB23-E33354EDBBB4}.Release|Any CPU.ActiveCfg = Release|Any CPU
		{562E5254-329B-4C63-AB23-E33354EDBBB4}.Release|Any CPU.Build.0 = Release|Any CPU
		{94423C8D-D819-45E6-BCF5-E0B052C5623C}.Debug|Any CPU.ActiveCfg = Debug|Any CPU
		{94423C8D-D819-45E6-BCF5-E0B052C5623C}.Debug|Any CPU.Build.0 = Debug|Any CPU
		{94423C8D-D819-45E6-BCF5-E0B052C5623C}.Release|Any CPU.ActiveCfg = Release|Any CPU
		{94423C8D-D819-45E6-BCF5-E0B052C5623C}.Release|Any CPU.Build.0 = Release|Any CPU
		{EF295675-3715-4827-95F5-C7FFCC6375C5}.Debug|Any CPU.ActiveCfg = Debug|Any CPU
		{EF295675-3715-4827-95F5-C7FFCC6375C5}.Debug|Any CPU.Build.0 = Debug|Any CPU
		{EF295675-3715-4827-95F5-C7FFCC6375C5}.Release|Any CPU.ActiveCfg = Release|Any CPU
		{EF295675-3715-4827-95F5-C7FFCC6375C5}.Release|Any CPU.Build.0 = Release|Any CPU
		{F012AE54-6D4C-4C44-B29C-FBF289D8DC54}.Debug|Any CPU.ActiveCfg = Debug|Any CPU
		{F012AE54-6D4C-4C44-B29C-FBF289D8DC54}.Debug|Any CPU.Build.0 = Debug|Any CPU
		{F012AE54-6D4C-4C44-B29C-FBF289D8DC54}.Release|Any CPU.ActiveCfg = Release|Any CPU
		{F012AE54-6D4C-4C44-B29C-FBF289D8DC54}.Release|Any CPU.Build.0 = Release|Any CPU
		{F6443A44-146F-42C1-8562-3CCA9EC4479C}.Debug|Any CPU.ActiveCfg = Debug|Any CPU
		{F6443A44-146F-42C1-8562-3CCA9EC4479C}.Debug|Any CPU.Build.0 = Debug|Any CPU
		{F6443A44-146F-42C1-8562-3CCA9EC4479C}.Release|Any CPU.ActiveCfg = Release|Any CPU
		{F6443A44-146F-42C1-8562-3CCA9EC4479C}.Release|Any CPU.Build.0 = Release|Any CPU
		{56A182C8-76B1-4906-99ED-E361ED37A5EE}.Debug|Any CPU.ActiveCfg = Debug|Any CPU
		{56A182C8-76B1-4906-99ED-E361ED37A5EE}.Debug|Any CPU.Build.0 = Debug|Any CPU
		{56A182C8-76B1-4906-99ED-E361ED37A5EE}.Release|Any CPU.ActiveCfg = Release|Any CPU
		{56A182C8-76B1-4906-99ED-E361ED37A5EE}.Release|Any CPU.Build.0 = Release|Any CPU
		{C0A97BBF-961C-4862-BF37-2F54B36ACAD1}.Debug|Any CPU.ActiveCfg = Debug|Any CPU
		{C0A97BBF-961C-4862-BF37-2F54B36ACAD1}.Debug|Any CPU.Build.0 = Debug|Any CPU
		{C0A97BBF-961C-4862-BF37-2F54B36ACAD1}.Release|Any CPU.ActiveCfg = Release|Any CPU
		{C0A97BBF-961C-4862-BF37-2F54B36ACAD1}.Release|Any CPU.Build.0 = Release|Any CPU
		{69F96937-982D-4FA7-8EB1-33AC4D77CAB3}.Debug|Any CPU.ActiveCfg = Debug|Any CPU
		{69F96937-982D-4FA7-8EB1-33AC4D77CAB3}.Debug|Any CPU.Build.0 = Debug|Any CPU
		{69F96937-982D-4FA7-8EB1-33AC4D77CAB3}.Release|Any CPU.ActiveCfg = Release|Any CPU
		{69F96937-982D-4FA7-8EB1-33AC4D77CAB3}.Release|Any CPU.Build.0 = Release|Any CPU
		{8FEC7E69-5BB0-49F8-BD2B-79614B133A95}.Debug|Any CPU.ActiveCfg = Debug|Any CPU
		{8FEC7E69-5BB0-49F8-BD2B-79614B133A95}.Debug|Any CPU.Build.0 = Debug|Any CPU
		{8FEC7E69-5BB0-49F8-BD2B-79614B133A95}.Release|Any CPU.ActiveCfg = Release|Any CPU
		{8FEC7E69-5BB0-49F8-BD2B-79614B133A95}.Release|Any CPU.Build.0 = Release|Any CPU
	EndGlobalSection
	GlobalSection(SolutionProperties) = preSolution
		HideSolutionNode = FALSE
	EndGlobalSection
	GlobalSection(ExtensibilityGlobals) = postSolution
		SolutionGuid = {747F2900-8E37-4E6F-85DF-429B73726B95}
	EndGlobalSection
EndGlobal
